
Microsoft Visual Studio Solution File, Format Version 12.00
# Visual Studio Version 17
VisualStudioVersion = 17.7.34221.43
MinimumVisualStudioVersion = 10.0.40219.1
Project("{FAE04EC0-301F-11D3-BF4B-00C04F79EFBC}") = "G3NexusBackend", "G3NexusBackend.csproj", "{B29C5279-B98C-4F27-A89B-26012EBD6872}"
EndProject
Global
	GlobalSection(SolutionConfigurationPlatforms) = preSolution
		Debug|Any CPU = Debug|Any CPU
		Release|Any CPU = Release|Any CPU
	EndGlobalSection
	GlobalSection(ProjectConfigurationPlatforms) = postSolution
		{B29C5279-B98C-4F27-A89B-26012EBD6872}.Debug|Any CPU.ActiveCfg = Debug|Any CPU
		{B29C5279-B98C-4F27-A89B-26012EBD6872}.Debug|Any CPU.Build.0 = Debug|Any CPU
		{B29C5279-B98C-4F27-A89B-26012EBD6872}.Release|Any CPU.ActiveCfg = Release|Any CPU
		{B29C5279-B98C-4F27-A89B-26012EBD6872}.Release|Any CPU.Build.0 = Release|Any CPU
	EndGlobalSection
	GlobalSection(SolutionProperties) = preSolution
		HideSolutionNode = FALSE
	EndGlobalSection
	GlobalSection(ExtensibilityGlobals) = postSolution
		SolutionGuid = {F4617D44-70BE-41CD-A20D-280CA8C9C8F8}
	EndGlobalSection
EndGlobal
